
Microsoft Visual Studio Solution File, Format Version 12.00
# Visual Studio Version 17
VisualStudioVersion = 17.2.32210.308
MinimumVisualStudioVersion = 10.0.40219.1
Project("{FAE04EC0-301F-11D3-BF4B-00C04F79EFBC}") = "Kapitel 14", "Kapitel 14\Kapitel 14.csproj", "{60DDBB41-A4E3-45BD-98E9-6B842700C913}"
EndProject
Global
	GlobalSection(SolutionConfigurationPlatforms) = preSolution
		Debug|Any CPU = Debug|Any CPU
		Release|Any CPU = Release|Any CPU
	EndGlobalSection
	GlobalSection(ProjectConfigurationPlatforms) = postSolution
		{60DDBB41-A4E3-45BD-98E9-6B842700C913}.Debug|Any CPU.ActiveCfg = Debug|Any CPU
		{60DDBB41-A4E3-45BD-98E9-6B842700C913}.Debug|Any CPU.Build.0 = Debug|Any CPU
		{60DDBB41-A4E3-45BD-98E9-6B842700C913}.Release|Any CPU.ActiveCfg = Release|Any CPU
		{60DDBB41-A4E3-45BD-98E9-6B842700C913}.Release|Any CPU.Build.0 = Release|Any CPU
	EndGlobalSection
	GlobalSection(SolutionProperties) = preSolution
		HideSolutionNode = FALSE
	EndGlobalSection
	GlobalSection(ExtensibilityGlobals) = postSolution
		SolutionGuid = {69993AD4-177D-4EEB-9948-973A1567681F}
	EndGlobalSection
EndGlobal
